{
  "nodes": {
    "flake-utils": {
      "inputs": {
        "systems": "systems"
      },
      "locked": {
        "lastModified": 1726560853,
        "narHash": "sha256-X6rJYSESBVr3hBoH0WbKE5KvhPU5bloyZ2L4K60/fPQ=",
        "owner": "numtide",
        "repo": "flake-utils",
        "rev": "c1dfcf08411b08f6b8615f7d8971a2bfa81d5e8a",
        "type": "github"
      },
      "original": {
        "owner": "numtide",
        "repo": "flake-utils",
        "type": "github"
      }
    },
    "nixpkgs": {
      "locked": {
        "lastModified": 1724223767,
        "narHash": "sha256-Ifph01gDo4i4B50rpeqmhta/BYX2LQwXby4+BjlLqLM=",
        "owner": "NixOS",
        "repo": "nixpkgs",
        "rev": "3f33387a5c85d94b305062a4f97d5b2899094efa",
        "type": "github"
      },
      "original": {
        "owner": "NixOS",
        "repo": "nixpkgs",
        "rev": "3f33387a5c85d94b305062a4f97d5b2899094efa",
        "type": "github"
      }
    },
    "nixpkgs-matrix": {
      "inputs": {
        "nixpkgs": "nixpkgs"
      },
      "locked": {
        "lastModified": 1726018991,
        "narHash": "sha256-/CuJ75h6NW0UR0Nv/4XCCYhNsVTDn2ezCepRN26eMbM=",
        "owner": "MatrixAI",
        "repo": "nixpkgs-matrix",
        "rev": "e0cff071d16c8b601558d4a597e9d5d39a0db7af",
        "type": "github"
      },
      "original": {
        "id": "nixpkgs-matrix",
        "type": "indirect"
      }
    },
    "root": {
      "inputs": {
        "flake-utils": "flake-utils",
        "nixpkgs-matrix": "nixpkgs-matrix"
      }
    },
    "systems": {
      "locked": {
        "lastModified": 1681028828,
        "narHash": "sha256-Vy1rq5AaRuLzOxct8nz4T6wlgyUR7zLU309k9mBC768=",
        "owner": "nix-systems",
        "repo": "default",
        "rev": "da67096a3b9bf56a91d16901293e51ba5b49a27e",
        "type": "github"
      },
      "original": {
        "owner": "nix-systems",
        "repo": "default",
        "type": "github"
      }
    }
  },
  "root": "root",
  "version": 7
}
